
Microsoft Visual Studio Solution File, Format Version 12.00
# Visual Studio 15
Project("{FAE04EC0-301F-11D3-BF4B-00C04F79EFBC}") = "CollectionViewSample.iOS", "CollectionViewSample.iOS\CollectionViewSample.iOS.csproj", "{C98EFAAD-12AE-4A59-8BD9-0623854F5BD1}"
EndProject
Project("{FAE04EC0-301F-11D3-BF4B-00C04F79EFBC}") = "CollectionViewSample", "CollectionViewSample\CollectionViewSample.csproj", "{151CAE96-E70B-4561-80BA-F187D554D411}"
EndProject
Global
	GlobalSection(SolutionConfigurationPlatforms) = preSolution
		Debug|iPhoneSimulator = Debug|iPhoneSimulator
		Release|iPhoneSimulator = Release|iPhoneSimulator
		Debug|iPhone = Debug|iPhone
		Release|iPhone = Release|iPhone
		Debug|Any CPU = Debug|Any CPU
		Release|Any CPU = Release|Any CPU
	EndGlobalSection
	GlobalSection(ProjectConfigurationPlatforms) = postSolution
		{C98EFAAD-12AE-4A59-8BD9-0623854F5BD1}.Debug|iPhoneSimulator.ActiveCfg = Debug|iPhoneSimulator
		{C98EFAAD-12AE-4A59-8BD9-0623854F5BD1}.Debug|iPhoneSimulator.Build.0 = Debug|iPhoneSimulator
		{C98EFAAD-12AE-4A59-8BD9-0623854F5BD1}.Release|iPhoneSimulator.ActiveCfg = Release|iPhoneSimulator
		{C98EFAAD-12AE-4A59-8BD9-0623854F5BD1}.Release|iPhoneSimulator.Build.0 = Release|iPhoneSimulator
		{C98EFAAD-12AE-4A59-8BD9-0623854F5BD1}.Debug|iPhone.ActiveCfg = Debug|iPhone
		{C98EFAAD-12AE-4A59-8BD9-0623854F5BD1}.Debug|iPhone.Build.0 = Debug|iPhone
		{C98EFAAD-12AE-4A59-8BD9-0623854F5BD1}.Release|iPhone.ActiveCfg = Release|iPhone
		{C98EFAAD-12AE-4A59-8BD9-0623854F5BD1}.Release|iPhone.Build.0 = Release|iPhone
		{C98EFAAD-12AE-4A59-8BD9-0623854F5BD1}.Debug|Any CPU.ActiveCfg = Debug|iPhoneSimulator
		{C98EFAAD-12AE-4A59-8BD9-0623854F5BD1}.Debug|Any CPU.Build.0 = Debug|iPhoneSimulator
		{C98EFAAD-12AE-4A59-8BD9-0623854F5BD1}.Release|Any CPU.ActiveCfg = Release|iPhoneSimulator
		{C98EFAAD-12AE-4A59-8BD9-0623854F5BD1}.Release|Any CPU.Build.0 = Release|iPhoneSimulator
		{151CAE96-E70B-4561-80BA-F187D554D411}.Debug|iPhoneSimulator.ActiveCfg = Debug|Any CPU
		{151CAE96-E70B-4561-80BA-F187D554D411}.Debug|iPhoneSimulator.Build.0 = Debug|Any CPU
		{151CAE96-E70B-4561-80BA-F187D554D411}.Release|iPhoneSimulator.ActiveCfg = Release|Any CPU
		{151CAE96-E70B-4561-80BA-F187D554D411}.Release|iPhoneSimulator.Build.0 = Release|Any CPU
		{151CAE96-E70B-4561-80BA-F187D554D411}.Debug|iPhone.ActiveCfg = Debug|Any CPU
		{151CAE96-E70B-4561-80BA-F187D554D411}.Debug|iPhone.Build.0 = Debug|Any CPU
		{151CAE96-E70B-4561-80BA-F187D554D411}.Release|iPhone.ActiveCfg = Release|Any CPU
		{151CAE96-E70B-4561-80BA-F187D554D411}.Release|iPhone.Build.0 = Release|Any CPU
		{151CAE96-E70B-4561-80BA-F187D554D411}.Debug|Any CPU.ActiveCfg = Debug|Any CPU
		{151CAE96-E70B-4561-80BA-F187D554D411}.Debug|Any CPU.Build.0 = Debug|Any CPU
		{151CAE96-E70B-4561-80BA-F187D554D411}.Release|Any CPU.ActiveCfg = Release|Any CPU
		{151CAE96-E70B-4561-80BA-F187D554D411}.Release|Any CPU.Build.0 = Release|Any CPU
	EndGlobalSection
EndGlobal
